// !$*UTF8*$!
{
	archiveVersion = 1;
	classes = {
	};
	objectVersion = 55;
	objects = {

/* Begin PBXBuildFile section */
		2C006C592980917A0066C818 /* CardActionView.swift in Sources */ = {isa = PBXBuildFile; fileRef = 2C006C582980917A0066C818 /* CardActionView.swift */; };
		2C006C5E2980958D0066C818 /* LabelDefault.swift in Sources */ = {isa = PBXBuildFile; fileRef = 2C006C5D2980958D0066C818 /* LabelDefault.swift */; };
		2C21F317296B85AE00D87AF7 /* AppDelegate.swift in Sources */ = {isa = PBXBuildFile; fileRef = 2C21F316296B85AE00D87AF7 /* AppDelegate.swift */; };
		2C21F319296B85AE00D87AF7 /* SceneDelegate.swift in Sources */ = {isa = PBXBuildFile; fileRef = 2C21F318296B85AE00D87AF7 /* SceneDelegate.swift */; };
		2C21F31B296B85AE00D87AF7 /* HomeViewController.swift in Sources */ = {isa = PBXBuildFile; fileRef = 2C21F31A296B85AE00D87AF7 /* HomeViewController.swift */; };
		2C21F320296B85B200D87AF7 /* Assets.xcassets in Resources */ = {isa = PBXBuildFile; fileRef = 2C21F31F296B85B200D87AF7 /* Assets.xcassets */; };
		2C21F323296B85B200D87AF7 /* LaunchScreen.storyboard in Resources */ = {isa = PBXBuildFile; fileRef = 2C21F321296B85B200D87AF7 /* LaunchScreen.storyboard */; };
		2C21F33D296B903600D87AF7 /* HomeViewScreen.swift in Sources */ = {isa = PBXBuildFile; fileRef = 2C21F33C296B903600D87AF7 /* HomeViewScreen.swift */; };
		2C21F340296B90B800D87AF7 /* UIView + Extension.swift in Sources */ = {isa = PBXBuildFile; fileRef = 2C21F33F296B90B800D87AF7 /* UIView + Extension.swift */; };
		2C21F342296B90C100D87AF7 /* NSTextAttachment + Extension.swift in Sources */ = {isa = PBXBuildFile; fileRef = 2C21F341296B90C100D87AF7 /* NSTextAttachment + Extension.swift */; };
		2C21F344296B90C400D87AF7 /* NSAttributedString + Extension.swift in Sources */ = {isa = PBXBuildFile; fileRef = 2C21F343296B90C400D87AF7 /* NSAttributedString + Extension.swift */; };
		2C21F347296B90D700D87AF7 /* CardViewModel.swift in Sources */ = {isa = PBXBuildFile; fileRef = 2C21F346296B90D700D87AF7 /* CardViewModel.swift */; };
		2C40AC0529797BFD00195D5D /* CardViewTableViewCell.swift in Sources */ = {isa = PBXBuildFile; fileRef = 2C40AC0429797BFD00195D5D /* CardViewTableViewCell.swift */; };
		2C40AC0829797D4A00195D5D /* CustomCardView.swift in Sources */ = {isa = PBXBuildFile; fileRef = 2C40AC0729797D4A00195D5D /* CustomCardView.swift */; };
		2C4C67DE299D539D004AF373 /* CustomNavBar.swift in Sources */ = {isa = PBXBuildFile; fileRef = 2C4C67DD299D539D004AF373 /* CustomNavBar.swift */; };
		2C57FC8F2989E7B200F71632 /* DetailViewController.swift in Sources */ = {isa = PBXBuildFile; fileRef = 2C57FC8E2989E7B200F71632 /* DetailViewController.swift */; };
		2C57FC922989E7EB00F71632 /* DetailView.swift in Sources */ = {isa = PBXBuildFile; fileRef = 2C57FC912989E7EB00F71632 /* DetailView.swift */; };
		2C5F1B4B297C487500C8A504 /* Enum+.swift in Sources */ = {isa = PBXBuildFile; fileRef = 2C5F1B4A297C487500C8A504 /* Enum+.swift */; };
		2C7A297D2996BF3600ADDAB8 /* DetailTableViewCell.swift in Sources */ = {isa = PBXBuildFile; fileRef = 2C7A297C2996BF3600ADDAB8 /* DetailTableViewCell.swift */; };
		2C7A29802996BFA200ADDAB8 /* DetailTableViewCellScrenn.swift in Sources */ = {isa = PBXBuildFile; fileRef = 2C7A297F2996BFA200ADDAB8 /* DetailTableViewCellScrenn.swift */; };
/* End PBXBuildFile section */

/* Begin PBXFileReference section */
		2C006C582980917A0066C818 /* CardActionView.swift */ = {isa = PBXFileReference; lastKnownFileType = sourcecode.swift; path = CardActionView.swift; sourceTree = "<group>"; };
		2C006C5D2980958D0066C818 /* LabelDefault.swift */ = {isa = PBXFileReference; lastKnownFileType = sourcecode.swift; path = LabelDefault.swift; sourceTree = "<group>"; };
		2C21F313296B85AE00D87AF7 /* AppMusic.app */ = {isa = PBXFileReference; explicitFileType = wrapper.application; includeInIndex = 0; path = AppMusic.app; sourceTree = BUILT_PRODUCTS_DIR; };
		2C21F316296B85AE00D87AF7 /* AppDelegate.swift */ = {isa = PBXFileReference; lastKnownFileType = sourcecode.swift; path = AppDelegate.swift; sourceTree = "<group>"; };
		2C21F318296B85AE00D87AF7 /* SceneDelegate.swift */ = {isa = PBXFileReference; lastKnownFileType = sourcecode.swift; path = SceneDelegate.swift; sourceTree = "<group>"; };
		2C21F31A296B85AE00D87AF7 /* HomeViewController.swift */ = {isa = PBXFileReference; lastKnownFileType = sourcecode.swift; path = HomeViewController.swift; sourceTree = "<group>"; };
		2C21F31F296B85B200D87AF7 /* Assets.xcassets */ = {isa = PBXFileReference; lastKnownFileType = folder.assetcatalog; path = Assets.xcassets; sourceTree = "<group>"; };
		2C21F322296B85B200D87AF7 /* Base */ = {isa = PBXFileReference; lastKnownFileType = file.storyboard; name = Base; path = Base.lproj/LaunchScreen.storyboard; sourceTree = "<group>"; };
		2C21F324296B85B200D87AF7 /* Info.plist */ = {isa = PBXFileReference; lastKnownFileType = text.plist.xml; path = Info.plist; sourceTree = "<group>"; };
		2C21F33C296B903600D87AF7 /* HomeViewScreen.swift */ = {isa = PBXFileReference; fileEncoding = 4; lastKnownFileType = sourcecode.swift; path = HomeViewScreen.swift; sourceTree = "<group>"; };
		2C21F33F296B90B800D87AF7 /* UIView + Extension.swift */ = {isa = PBXFileReference; fileEncoding = 4; lastKnownFileType = sourcecode.swift; path = "UIView + Extension.swift"; sourceTree = "<group>"; };
		2C21F341296B90C100D87AF7 /* NSTextAttachment + Extension.swift */ = {isa = PBXFileReference; lastKnownFileType = sourcecode.swift; path = "NSTextAttachment + Extension.swift"; sourceTree = "<group>"; };
		2C21F343296B90C400D87AF7 /* NSAttributedString + Extension.swift */ = {isa = PBXFileReference; lastKnownFileType = sourcecode.swift; path = "NSAttributedString + Extension.swift"; sourceTree = "<group>"; };
		2C21F346296B90D700D87AF7 /* CardViewModel.swift */ = {isa = PBXFileReference; fileEncoding = 4; lastKnownFileType = sourcecode.swift; path = CardViewModel.swift; sourceTree = "<group>"; };
		2C40AC0429797BFD00195D5D /* CardViewTableViewCell.swift */ = {isa = PBXFileReference; lastKnownFileType = sourcecode.swift; path = CardViewTableViewCell.swift; sourceTree = "<group>"; };
		2C40AC0729797D4A00195D5D /* CustomCardView.swift */ = {isa = PBXFileReference; lastKnownFileType = sourcecode.swift; path = CustomCardView.swift; sourceTree = "<group>"; };
		2C4C67DD299D539D004AF373 /* CustomNavBar.swift */ = {isa = PBXFileReference; lastKnownFileType = sourcecode.swift; path = CustomNavBar.swift; sourceTree = "<group>"; };
		2C57FC8E2989E7B200F71632 /* DetailViewController.swift */ = {isa = PBXFileReference; lastKnownFileType = sourcecode.swift; path = DetailViewController.swift; sourceTree = "<group>"; };
		2C57FC912989E7EB00F71632 /* DetailView.swift */ = {isa = PBXFileReference; lastKnownFileType = sourcecode.swift; path = DetailView.swift; sourceTree = "<group>"; };
		2C5F1B4A297C487500C8A504 /* Enum+.swift */ = {isa = PBXFileReference; lastKnownFileType = sourcecode.swift; path = "Enum+.swift"; sourceTree = "<group>"; };
		2C7A297C2996BF3600ADDAB8 /* DetailTableViewCell.swift */ = {isa = PBXFileReference; lastKnownFileType = sourcecode.swift; path = DetailTableViewCell.swift; sourceTree = "<group>"; };
		2C7A297F2996BFA200ADDAB8 /* DetailTableViewCellScrenn.swift */ = {isa = PBXFileReference; lastKnownFileType = sourcecode.swift; path = DetailTableViewCellScrenn.swift; sourceTree = "<group>"; };
/* End PBXFileReference section */

/* Begin PBXFrameworksBuildPhase section */
		2C21F310296B85AE00D87AF7 /* Frameworks */ = {
			isa = PBXFrameworksBuildPhase;
			buildActionMask = 2147483647;
			files = (
			);
			runOnlyForDeploymentPostprocessing = 0;
		};
/* End PBXFrameworksBuildPhase section */

/* Begin PBXGroup section */
		2C006C5A298093A40066C818 /* Components */ = {
			isa = PBXGroup;
			children = (
				2C006C5D2980958D0066C818 /* LabelDefault.swift */,
			);
			path = Components;
			sourceTree = "<group>";
		};
		2C21F30A296B85AE00D87AF7 = {
			isa = PBXGroup;
			children = (
				2C21F315296B85AE00D87AF7 /* AppMusic */,
				2C21F314296B85AE00D87AF7 /* Products */,
			);
			sourceTree = "<group>";
		};
		2C21F314296B85AE00D87AF7 /* Products */ = {
			isa = PBXGroup;
			children = (
				2C21F313296B85AE00D87AF7 /* AppMusic.app */,
			);
			name = Products;
			sourceTree = "<group>";
		};
		2C21F315296B85AE00D87AF7 /* AppMusic */ = {
			isa = PBXGroup;
			children = (
				2C57FC8D2989E77500F71632 /* Detail */,
				2C006C5A298093A40066C818 /* Components */,
				2C5F1B49297C485A00C8A504 /* Enum */,
				2C40AC0629797D2A00195D5D /* CustomView */,
				2C21F33E296B90AE00D87AF7 /* Extension+ */,
				2C21F345296B90CE00D87AF7 /* Model */,
				2C40AC0329797BCA00195D5D /* Cell */,
				2C21F339296B901600D87AF7 /* Home */,
				2C21F316296B85AE00D87AF7 /* AppDelegate.swift */,
				2C21F318296B85AE00D87AF7 /* SceneDelegate.swift */,
				2C21F31F296B85B200D87AF7 /* Assets.xcassets */,
				2C21F321296B85B200D87AF7 /* LaunchScreen.storyboard */,
				2C21F324296B85B200D87AF7 /* Info.plist */,
			);
			path = AppMusic;
			sourceTree = "<group>";
		};
		2C21F339296B901600D87AF7 /* Home */ = {
			isa = PBXGroup;
			children = (
				2C21F33B296B902400D87AF7 /* Controller */,
				2C21F33A296B901D00D87AF7 /* Screen */,
			);
			path = Home;
			sourceTree = "<group>";
		};
		2C21F33A296B901D00D87AF7 /* Screen */ = {
			isa = PBXGroup;
			children = (
				2C21F33C296B903600D87AF7 /* HomeViewScreen.swift */,
			);
			path = Screen;
			sourceTree = "<group>";
		};
		2C21F33B296B902400D87AF7 /* Controller */ = {
			isa = PBXGroup;
			children = (
				2C21F31A296B85AE00D87AF7 /* HomeViewController.swift */,
			);
			path = Controller;
			sourceTree = "<group>";
		};
		2C21F33E296B90AE00D87AF7 /* Extension+ */ = {
			isa = PBXGroup;
			children = (
				2C21F343296B90C400D87AF7 /* NSAttributedString + Extension.swift */,
				2C21F341296B90C100D87AF7 /* NSTextAttachment + Extension.swift */,
				2C21F33F296B90B800D87AF7 /* UIView + Extension.swift */,
			);
			path = "Extension+";
			sourceTree = "<group>";
		};
		2C21F345296B90CE00D87AF7 /* Model */ = {
			isa = PBXGroup;
			children = (
				2C21F346296B90D700D87AF7 /* CardViewModel.swift */,
			);
			path = Model;
			sourceTree = "<group>";
		};
		2C40AC0329797BCA00195D5D /* Cell */ = {
			isa = PBXGroup;
			children = (
				2C40AC0429797BFD00195D5D /* CardViewTableViewCell.swift */,
			);
			path = Cell;
			sourceTree = "<group>";
		};
		2C40AC0629797D2A00195D5D /* CustomView */ = {
			isa = PBXGroup;
			children = (
				2C40AC0729797D4A00195D5D /* CustomCardView.swift */,
				2C006C582980917A0066C818 /* CardActionView.swift */,
				2C4C67DD299D539D004AF373 /* CustomNavBar.swift */,
			);
			path = CustomView;
			sourceTree = "<group>";
		};
		2C57FC8D2989E77500F71632 /* Detail */ = {
			isa = PBXGroup;
			children = (
				2C7A297B2996BF1B00ADDAB8 /* Cell */,
				2C57FC902989E7BE00F71632 /* DetailView */,
				2C57FC8E2989E7B200F71632 /* DetailViewController.swift */,
			);
			path = Detail;
			sourceTree = "<group>";
		};
		2C57FC902989E7BE00F71632 /* DetailView */ = {
			isa = PBXGroup;
			children = (
				2C57FC912989E7EB00F71632 /* DetailView.swift */,
			);
			path = DetailView;
			sourceTree = "<group>";
		};
		2C5F1B49297C485A00C8A504 /* Enum */ = {
			isa = PBXGroup;
			children = (
				2C5F1B4A297C487500C8A504 /* Enum+.swift */,
			);
			path = Enum;
			sourceTree = "<group>";
		};
		2C7A297B2996BF1B00ADDAB8 /* Cell */ = {
			isa = PBXGroup;
			children = (
				2C7A297E2996BF8800ADDAB8 /* Screnn */,
				2C7A297C2996BF3600ADDAB8 /* DetailTableViewCell.swift */,
			);
			path = Cell;
			sourceTree = "<group>";
		};
		2C7A297E2996BF8800ADDAB8 /* Screnn */ = {
			isa = PBXGroup;
			children = (
				2C7A297F2996BFA200ADDAB8 /* DetailTableViewCellScrenn.swift */,
			);
			path = Screnn;
			sourceTree = "<group>";
		};
/* End PBXGroup section */

/* Begin PBXNativeTarget section */
		2C21F312296B85AE00D87AF7 /* AppMusic */ = {
			isa = PBXNativeTarget;
			buildConfigurationList = 2C21F327296B85B200D87AF7 /* Build configuration list for PBXNativeTarget "AppMusic" */;
			buildPhases = (
				2C21F30F296B85AE00D87AF7 /* Sources */,
				2C21F310296B85AE00D87AF7 /* Frameworks */,
				2C21F311296B85AE00D87AF7 /* Resources */,
			);
			buildRules = (
			);
			dependencies = (
			);
			name = AppMusic;
			productName = AppMusic;
			productReference = 2C21F313296B85AE00D87AF7 /* AppMusic.app */;
			productType = "com.apple.product-type.application";
		};
/* End PBXNativeTarget section */

/* Begin PBXProject section */
		2C21F30B296B85AE00D87AF7 /* Project object */ = {
			isa = PBXProject;
			attributes = {
				BuildIndependentTargetsInParallel = 1;
				LastSwiftUpdateCheck = 1340;
				LastUpgradeCheck = 1340;
				TargetAttributes = {
					2C21F312296B85AE00D87AF7 = {
						CreatedOnToolsVersion = 13.4.1;
					};
				};
			};
			buildConfigurationList = 2C21F30E296B85AE00D87AF7 /* Build configuration list for PBXProject "AppMusic" */;
			compatibilityVersion = "Xcode 13.0";
			developmentRegion = en;
			hasScannedForEncodings = 0;
			knownRegions = (
				en,
				Base,
			);
			mainGroup = 2C21F30A296B85AE00D87AF7;
			productRefGroup = 2C21F314296B85AE00D87AF7 /* Products */;
			projectDirPath = "";
			projectRoot = "";
			targets = (
				2C21F312296B85AE00D87AF7 /* AppMusic */,
			);
		};
/* End PBXProject section */

/* Begin PBXResourcesBuildPhase section */
		2C21F311296B85AE00D87AF7 /* Resources */ = {
			isa = PBXResourcesBuildPhase;
			buildActionMask = 2147483647;
			files = (
				2C21F323296B85B200D87AF7 /* LaunchScreen.storyboard in Resources */,
				2C21F320296B85B200D87AF7 /* Assets.xcassets in Resources */,
			);
			runOnlyForDeploymentPostprocessing = 0;
		};
/* End PBXResourcesBuildPhase section */

/* Begin PBXSourcesBuildPhase section */
		2C21F30F296B85AE00D87AF7 /* Sources */ = {
			isa = PBXSourcesBuildPhase;
			buildActionMask = 2147483647;
			files = (
				2C40AC0529797BFD00195D5D /* CardViewTableViewCell.swift in Sources */,
				2C7A29802996BFA200ADDAB8 /* DetailTableViewCellScrenn.swift in Sources */,
				2C21F31B296B85AE00D87AF7 /* HomeViewController.swift in Sources */,
				2C006C592980917A0066C818 /* CardActionView.swift in Sources */,
				2C21F317296B85AE00D87AF7 /* AppDelegate.swift in Sources */,
				2C5F1B4B297C487500C8A504 /* Enum+.swift in Sources */,
				2C21F342296B90C100D87AF7 /* NSTextAttachment + Extension.swift in Sources */,
				2C21F319296B85AE00D87AF7 /* SceneDelegate.swift in Sources */,
				2C21F347296B90D700D87AF7 /* CardViewModel.swift in Sources */,
				2C21F340296B90B800D87AF7 /* UIView + Extension.swift in Sources */,
				2C40AC0829797D4A00195D5D /* CustomCardView.swift in Sources */,
				2C7A297D2996BF3600ADDAB8 /* DetailTableViewCell.swift in Sources */,
				2C4C67DE299D539D004AF373 /* CustomNavBar.swift in Sources */,
				2C21F344296B90C400D87AF7 /* NSAttributedString + Extension.swift in Sources */,
				2C006C5E2980958D0066C818 /* LabelDefault.swift in Sources */,
				2C21F33D296B903600D87AF7 /* HomeViewScreen.swift in Sources */,
				2C57FC922989E7EB00F71632 /* DetailView.swift in Sources */,
				2C57FC8F2989E7B200F71632 /* DetailViewController.swift in Sources */,
			);
			runOnlyForDeploymentPostprocessing = 0;
		};
/* End PBXSourcesBuildPhase section */

/* Begin PBXVariantGroup section */
		2C21F321296B85B200D87AF7 /* LaunchScreen.storyboard */ = {
			isa = PBXVariantGroup;
			children = (
				2C21F322296B85B200D87AF7 /* Base */,
			);
			name = LaunchScreen.storyboard;
			sourceTree = "<group>";
		};
/* End PBXVariantGroup section */

/* Begin XCBuildConfiguration section */
		2C21F325296B85B200D87AF7 /* Debug */ = {
			isa = XCBuildConfiguration;
			buildSettings = {
				ALWAYS_SEARCH_USER_PATHS = NO;
				CLANG_ANALYZER_NONNULL = YES;
				CLANG_ANALYZER_NUMBER_OBJECT_CONVERSION = YES_AGGRESSIVE;
				CLANG_CXX_LANGUAGE_STANDARD = "gnu++17";
				CLANG_ENABLE_MODULES = YES;
				CLANG_ENABLE_OBJC_ARC = YES;
				CLANG_ENABLE_OBJC_WEAK = YES;
				CLANG_WARN_BLOCK_CAPTURE_AUTORELEASING = YES;
				CLANG_WARN_BOOL_CONVERSION = YES;
				CLANG_WARN_COMMA = YES;
				CLANG_WARN_CONSTANT_CONVERSION = YES;
				CLANG_WARN_DEPRECATED_OBJC_IMPLEMENTATIONS = YES;
				CLANG_WARN_DIRECT_OBJC_ISA_USAGE = YES_ERROR;
				CLANG_WARN_DOCUMENTATION_COMMENTS = YES;
				CLANG_WARN_EMPTY_BODY = YES;
				CLANG_WARN_ENUM_CONVERSION = YES;
				CLANG_WARN_INFINITE_RECURSION = YES;
				CLANG_WARN_INT_CONVERSION = YES;
				CLANG_WARN_NON_LITERAL_NULL_CONVERSION = YES;
				CLANG_WARN_OBJC_IMPLICIT_RETAIN_SELF = YES;
				CLANG_WARN_OBJC_LITERAL_CONVERSION = YES;
				CLANG_WARN_OBJC_ROOT_CLASS = YES_ERROR;
				CLANG_WARN_QUOTED_INCLUDE_IN_FRAMEWORK_HEADER = YES;
				CLANG_WARN_RANGE_LOOP_ANALYSIS = YES;
				CLANG_WARN_STRICT_PROTOTYPES = YES;
				CLANG_WARN_SUSPICIOUS_MOVE = YES;
				CLANG_WARN_UNGUARDED_AVAILABILITY = YES_AGGRESSIVE;
				CLANG_WARN_UNREACHABLE_CODE = YES;
				CLANG_WARN__DUPLICATE_METHOD_MATCH = YES;
				COPY_PHASE_STRIP = NO;
				DEBUG_INFORMATION_FORMAT = dwarf;
				ENABLE_STRICT_OBJC_MSGSEND = YES;
				ENABLE_TESTABILITY = YES;
				GCC_C_LANGUAGE_STANDARD = gnu11;
				GCC_DYNAMIC_NO_PIC = NO;
				GCC_NO_COMMON_BLOCKS = YES;
				GCC_OPTIMIZATION_LEVEL = 0;
				GCC_PREPROCESSOR_DEFINITIONS = (
					"DEBUG=1",
					"$(inherited)",
				);
				GCC_WARN_64_TO_32_BIT_CONVERSION = YES;
				GCC_WARN_ABOUT_RETURN_TYPE = YES_ERROR;
				GCC_WARN_UNDECLARED_SELECTOR = YES;
				GCC_WARN_UNINITIALIZED_AUTOS = YES_AGGRESSIVE;
				GCC_WARN_UNUSED_FUNCTION = YES;
				GCC_WARN_UNUSED_VARIABLE = YES;
				IPHONEOS_DEPLOYMENT_TARGET = 15.5;
				MTL_ENABLE_DEBUG_INFO = INCLUDE_SOURCE;
				MTL_FAST_MATH = YES;
				ONLY_ACTIVE_ARCH = YES;
				SDKROOT = iphoneos;
				SWIFT_ACTIVE_COMPILATION_CONDITIONS = DEBUG;
				SWIFT_OPTIMIZATION_LEVEL = "-Onone";
			};
			name = Debug;
		};
		2C21F326296B85B200D87AF7 /* Release */ = {
			isa = XCBuildConfiguration;
			buildSettings = {
				ALWAYS_SEARCH_USER_PATHS = NO;
				CLANG_ANALYZER_NONNULL = YES;
				CLANG_ANALYZER_NUMBER_OBJECT_CONVERSION = YES_AGGRESSIVE;
				CLANG_CXX_LANGUAGE_STANDARD = "gnu++17";
				CLANG_ENABLE_MODULES = YES;
				CLANG_ENABLE_OBJC_ARC = YES;
				CLANG_ENABLE_OBJC_WEAK = YES;
				CLANG_WARN_BLOCK_CAPTURE_AUTORELEASING = YES;
				CLANG_WARN_BOOL_CONVERSION = YES;
				CLANG_WARN_COMMA = YES;
				CLANG_WARN_CONSTANT_CONVERSION = YES;
				CLANG_WARN_DEPRECATED_OBJC_IMPLEMENTATIONS = YES;
				CLANG_WARN_DIRECT_OBJC_ISA_USAGE = YES_ERROR;
				CLANG_WARN_DOCUMENTATION_COMMENTS = YES;
				CLANG_WARN_EMPTY_BODY = YES;
				CLANG_WARN_ENUM_CONVERSION = YES;
				CLANG_WARN_INFINITE_RECURSION = YES;
				CLANG_WARN_INT_CONVERSION = YES;
				CLANG_WARN_NON_LITERAL_NULL_CONVERSION = YES;
				CLANG_WARN_OBJC_IMPLICIT_RETAIN_SELF = YES;
				CLANG_WARN_OBJC_LITERAL_CONVERSION = YES;
				CLANG_WARN_OBJC_ROOT_CLASS = YES_ERROR;
				CLANG_WARN_QUOTED_INCLUDE_IN_FRAMEWORK_HEADER = YES;
				CLANG_WARN_RANGE_LOOP_ANALYSIS = YES;
				CLANG_WARN_STRICT_PROTOTYPES = YES;
				CLANG_WARN_SUSPICIOUS_MOVE = YES;
				CLANG_WARN_UNGUARDED_AVAILABILITY = YES_AGGRESSIVE;
				CLANG_WARN_UNREACHABLE_CODE = YES;
				CLANG_WARN__DUPLICATE_METHOD_MATCH = YES;
				COPY_PHASE_STRIP = NO;
				DEBUG_INFORMATION_FORMAT = "dwarf-with-dsym";
				ENABLE_NS_ASSERTIONS = NO;
				ENABLE_STRICT_OBJC_MSGSEND = YES;
				GCC_C_LANGUAGE_STANDARD = gnu11;
				GCC_NO_COMMON_BLOCKS = YES;
				GCC_WARN_64_TO_32_BIT_CONVERSION = YES;
				GCC_WARN_ABOUT_RETURN_TYPE = YES_ERROR;
				GCC_WARN_UNDECLARED_SELECTOR = YES;
				GCC_WARN_UNINITIALIZED_AUTOS = YES_AGGRESSIVE;
				GCC_WARN_UNUSED_FUNCTION = YES;
				GCC_WARN_UNUSED_VARIABLE = YES;
				IPHONEOS_DEPLOYMENT_TARGET = 15.5;
				MTL_ENABLE_DEBUG_INFO = NO;
				MTL_FAST_MATH = YES;
				SDKROOT = iphoneos;
				SWIFT_COMPILATION_MODE = wholemodule;
				SWIFT_OPTIMIZATION_LEVEL = "-O";
				VALIDATE_PRODUCT = YES;
			};
			name = Release;
		};
		2C21F328296B85B200D87AF7 /* Debug */ = {
			isa = XCBuildConfiguration;
			buildSettings = {
				ASSETCATALOG_COMPILER_APPICON_NAME = AppIcon;
				ASSETCATALOG_COMPILER_GLOBAL_ACCENT_COLOR_NAME = AccentColor;
				CODE_SIGN_STYLE = Automatic;
				CURRENT_PROJECT_VERSION = 1;
				GENERATE_INFOPLIST_FILE = YES;
				INFOPLIST_FILE = AppMusic/Info.plist;
				INFOPLIST_KEY_UIApplicationSupportsIndirectInputEvents = YES;
				INFOPLIST_KEY_UILaunchStoryboardName = LaunchScreen;
				INFOPLIST_KEY_UISupportedInterfaceOrientations_iPad = "UIInterfaceOrientationPortrait UIInterfaceOrientationPortraitUpsideDown UIInterfaceOrientationLandscapeLeft UIInterfaceOrientationLandscapeRight";
				INFOPLIST_KEY_UISupportedInterfaceOrientations_iPhone = "UIInterfaceOrientationPortrait UIInterfaceOrientationLandscapeLeft UIInterfaceOrientationLandscapeRight";
				LD_RUNPATH_SEARCH_PATHS = (
					"$(inherited)",
					"@executable_path/Frameworks",
				);
				MARKETING_VERSION = 1.0;
				PRODUCT_BUNDLE_IDENTIFIER = br.com.nttdataeveris.AppMusic;
				PRODUCT_NAME = "$(TARGET_NAME)";
				SWIFT_EMIT_LOC_STRINGS = YES;
				SWIFT_VERSION = 5.0;
				TARGETED_DEVICE_FAMILY = 1;
			};
			name = Debug;
		};
		2C21F329296B85B200D87AF7 /* Release */ = {
			isa = XCBuildConfiguration;
			buildSettings = {
				ASSETCATALOG_COMPILER_APPICON_NAME = AppIcon;
				ASSETCATALOG_COMPILER_GLOBAL_ACCENT_COLOR_NAME = AccentColor;
				CODE_SIGN_STYLE = Automatic;
				CURRENT_PROJECT_VERSION = 1;
				GENERATE_INFOPLIST_FILE = YES;
				INFOPLIST_FILE = AppMusic/Info.plist;
				INFOPLIST_KEY_UIApplicationSupportsIndirectInputEvents = YES;
				INFOPLIST_KEY_UILaunchStoryboardName = LaunchScreen;
				INFOPLIST_KEY_UISupportedInterfaceOrientations_iPad = "UIInterfaceOrientationPortrait UIInterfaceOrientationPortraitUpsideDown UIInterfaceOrientationLandscapeLeft UIInterfaceOrientationLandscapeRight";
				INFOPLIST_KEY_UISupportedInterfaceOrientations_iPhone = "UIInterfaceOrientationPortrait UIInterfaceOrientationLandscapeLeft UIInterfaceOrientationLandscapeRight";
				LD_RUNPATH_SEARCH_PATHS = (
					"$(inherited)",
					"@executable_path/Frameworks",
				);
				MARKETING_VERSION = 1.0;
				PRODUCT_BUNDLE_IDENTIFIER = br.com.nttdataeveris.AppMusic;
				PRODUCT_NAME = "$(TARGET_NAME)";
				SWIFT_EMIT_LOC_STRINGS = YES;
				SWIFT_VERSION = 5.0;
				TARGETED_DEVICE_FAMILY = 1;
			};
			name = Release;
		};
/* End XCBuildConfiguration section */

/* Begin XCConfigurationList section */
		2C21F30E296B85AE00D87AF7 /* Build configuration list for PBXProject "AppMusic" */ = {
			isa = XCConfigurationList;
			buildConfigurations = (
				2C21F325296B85B200D87AF7 /* Debug */,
				2C21F326296B85B200D87AF7 /* Release */,
			);
			defaultConfigurationIsVisible = 0;
			defaultConfigurationName = Release;
		};
		2C21F327296B85B200D87AF7 /* Build configuration list for PBXNativeTarget "AppMusic" */ = {
			isa = XCConfigurationList;
			buildConfigurations = (
				2C21F328296B85B200D87AF7 /* Debug */,
				2C21F329296B85B200D87AF7 /* Release */,
			);
			defaultConfigurationIsVisible = 0;
			defaultConfigurationName = Release;
		};
/* End XCConfigurationList section */
	};
	rootObject = 2C21F30B296B85AE00D87AF7 /* Project object */;
}
